<?xml version="1.0" encoding="utf-8"?>
<Project ToolsVersion="4.0" xmlns="http://schemas.microsoft.com/developer/msbuild/2003">
  <ItemGroup>
    <Filter Include="Source Files">
      <UniqueIdentifier>{efc8b3e7-993d-465a-85e4-d6835e99951c}</UniqueIdentifier>
      <Extensions>cpp</Extensions>
    </Filter>
    <Filter Include="Header Files">
      <UniqueIdentifier>{b1fc0ca5-7df4-4703-9851-1d186428c1df}</UniqueIdentifier>
      <Extensions>h</Extensions>
    </Filter>
    <Filter Include="Header Files\flexsimcontent">
      <UniqueIdentifier>{73441385-b1f7-4316-8590-8598c4e9acbc}</UniqueIdentifier>
    </Filter>
  </ItemGroup>
  <ItemGroup>
    <ClInclude Include="PyConnector.h">
      <Filter>Header Files</Filter>
    </ClInclude>
    <ClInclude Include="FlexSimPy.h">
      <Filter>Source Files</Filter>
    </ClInclude>
  </ItemGroup>
  <ItemGroup>
    <ClCompile Include="PyConnector.cpp">
      <Filter>Source Files</Filter>
    </ClCompile>
    <ClCompile Include="FlexSimPy.cpp">
      <Filter>Source Files</Filter>
    </ClCompile>
  </ItemGroup>
</Project>